
Microsoft Visual Studio Solution File, Format Version 12.00
# Visual Studio Version 17
VisualStudioVersion = 17.8.34330.188
MinimumVisualStudioVersion = 10.0.40219.1
Project("{FAE04EC0-301F-11D3-BF4B-00C04F79EFBC}") = "Hobby_Project - Mission 5", "Hobby_Project - Mission 5\Hobby_Project - Mission 5.csproj", "{14F51250-E360-4C8E-BAB8-0854241B724F}"
EndProject
Global
	GlobalSection(SolutionConfigurationPlatforms) = preSolution
		Debug|Any CPU = Debug|Any CPU
		Release|Any CPU = Release|Any CPU
	EndGlobalSection
	GlobalSection(ProjectConfigurationPlatforms) = postSolution
		{14F51250-E360-4C8E-BAB8-0854241B724F}.Debug|Any CPU.ActiveCfg = Debug|Any CPU
		{14F51250-E360-4C8E-BAB8-0854241B724F}.Debug|Any CPU.Build.0 = Debug|Any CPU
		{14F51250-E360-4C8E-BAB8-0854241B724F}.Release|Any CPU.ActiveCfg = Release|Any CPU
		{14F51250-E360-4C8E-BAB8-0854241B724F}.Release|Any CPU.Build.0 = Release|Any CPU
	EndGlobalSection
	GlobalSection(SolutionProperties) = preSolution
		HideSolutionNode = FALSE
	EndGlobalSection
	GlobalSection(ExtensibilityGlobals) = postSolution
		SolutionGuid = {8655CB64-E988-4479-BD34-D5D7A726AD61}
	EndGlobalSection
EndGlobal
